
Microsoft Visual Studio Solution File, Format Version 12.00
# Visual Studio Version 17
VisualStudioVersion = 17.5.002.0
MinimumVisualStudioVersion = 10.0.40219.1
Project("{9A19103F-16F7-4668-BE54-9A1E7A4F7556}") = "decoded-web-server", "decoded-web-server.csproj", "{B5FC5E29-137A-4952-B2B0-25E6468B1A33}"
EndProject
Global
	GlobalSection(SolutionConfigurationPlatforms) = preSolution
		Debug|Any CPU = Debug|Any CPU
		Release|Any CPU = Release|Any CPU
	EndGlobalSection
	GlobalSection(ProjectConfigurationPlatforms) = postSolution
		{B5FC5E29-137A-4952-B2B0-25E6468B1A33}.Debug|Any CPU.ActiveCfg = Debug|Any CPU
		{B5FC5E29-137A-4952-B2B0-25E6468B1A33}.Debug|Any CPU.Build.0 = Debug|Any CPU
		{B5FC5E29-137A-4952-B2B0-25E6468B1A33}.Release|Any CPU.ActiveCfg = Release|Any CPU
		{B5FC5E29-137A-4952-B2B0-25E6468B1A33}.Release|Any CPU.Build.0 = Release|Any CPU
	EndGlobalSection
	GlobalSection(SolutionProperties) = preSolution
		HideSolutionNode = FALSE
	EndGlobalSection
	GlobalSection(ExtensibilityGlobals) = postSolution
		SolutionGuid = {80E9E0F2-0BCD-4C44-8450-370B033CA608}
	EndGlobalSection
EndGlobal
